PODS:
  - file_chooser (0.0.2):
    - FlutterMacOS
  - FlutterMacOS (1.0.0)
  - menubar (0.0.2):
    - FlutterMacOS
  - shared_preferences_fde (0.0.1):
    - FlutterMacOS

DEPENDENCIES:
  - file_chooser (from `Flutter/ephemeral/.symlinks/plugins/file_chooser/macos`)
  - FlutterMacOS (from `Flutter/ephemeral/.symlinks/flutter/darwin-x64`)
  - menubar (from `Flutter/ephemeral/.symlinks/plugins/menubar/macos`)
  - shared_preferences_fde (from `Flutter/ephemeral/.symlinks/plugins/shared_preferences_fde/macos`)

EXTERNAL SOURCES:
  file_chooser:
    :path: Flutter/ephemeral/.symlinks/plugins/file_chooser/macos
  FlutterMacOS:
    :path: Flutter/ephemeral/.symlinks/flutter/darwin-x64
  menubar:
    :path: Flutter/ephemeral/.symlinks/plugins/menubar/macos
  shared_preferences_fde:
    :path: Flutter/ephemeral/.symlinks/plugins/shared_preferences_fde/macos

SPEC CHECKSUMS:
  file_chooser: 24432cf5dc836722b05c11c2a0a30d19c3c9b996
  FlutterMacOS: 15bea8a44d2fa024068daa0140371c020b4b6ff9
  menubar: 4e3d461d62d775540277ce6639acafe2a111a231
  shared_preferences_fde: 71710025ac76ed132b9a27108b3ec0816f3a7dbb

PODFILE CHECKSUM: 2c44d578a2acaaed0401d0d3bb20d04d4b080703

COCOAPODS: 1.7.1
